<?xml version="1.0" encoding="utf-8"?>
<Project ToolsVersion="4.0" xmlns="http://schemas.microsoft.com/developer/msbuild/2003">
  <ItemGroup>
    <Filter Include="源文件">
      <UniqueIdentifier>{4FC737F1-C7A5-4376-A066-2A32D752A2FF}</UniqueIdentifier>
      <Extensions>cpp;c;cc;cxx;c++;cppm;ixx;def;odl;idl;hpj;bat;asm;asmx</Extensions>
    </Filter>
    <Filter Include="头文件">
      <UniqueIdentifier>{93995380-89BD-4b04-88EB-625FBE52EBFB}</UniqueIdentifier>
      <Extensions>h;hh;hpp;hxx;h++;hm;inl;inc;ipp;xsd</Extensions>
    </Filter>
    <Filter Include="资源文件">
      <UniqueIdentifier>{67DA6AB6-F800-4c08-8B7A-83BB121AAD01}</UniqueIdentifier>
      <Extensions>rc;ico;cur;bmp;dlg;rc2;rct;bin;rgs;gif;jpg;jpeg;jpe;resx;tiff;tif;png;wav;mfcribbon-ms</Extensions>
    </Filter>
    <Filter Include="源文件\log">
      <UniqueIdentifier>{3a71ddd1-e33b-4685-945f-ee3546295f35}</UniqueIdentifier>
    </Filter>
    <Filter Include="头文件\log">
      <UniqueIdentifier>{d0199c4d-b528-4603-b310-29f3240169db}</UniqueIdentifier>
    </Filter>
    <Filter Include="头文件\model">
      <UniqueIdentifier>{31f7b405-03e5-45a4-9eb3-08ef4d45c578}</UniqueIdentifier>
    </Filter>
    <Filter Include="头文件\modelManager">
      <UniqueIdentifier>{dbde80d7-f3e8-4ce5-adcf-0f15d11a8090}</UniqueIdentifier>
    </Filter>
    <Filter Include="源文件\modelManager">
      <UniqueIdentifier>{63bf98e8-64df-4944-a125-4393dc26d074}</UniqueIdentifier>
    </Filter>
    <Filter Include="源文件\model">
      <UniqueIdentifier>{105e42e1-5128-4b98-a760-454d789fec5b}</UniqueIdentifier>
    </Filter>
  </ItemGroup>
  <ItemGroup>
    <ClInclude Include="framework.h">
      <Filter>头文件</Filter>
    </ClInclude>
    <ClInclude Include="targetver.h">
      <Filter>头文件</Filter>
    </ClInclude>
    <ClInclude Include="Resource.h">
      <Filter>头文件</Filter>
    </ClInclude>
    <ClInclude Include="qplayer2demo.h">
      <Filter>头文件</Filter>
    </ClInclude>
    <ClInclude Include="VideoRenderWindow.h">
      <Filter>头文件</Filter>
    </ClInclude>
    <ClInclude Include="MainWindow.h">
      <Filter>头文件</Filter>
    </ClInclude>
    <ClInclude Include="PlayerWindow.h">
      <Filter>头文件</Filter>
    </ClInclude>
    <ClInclude Include="DemoLog.h">
      <Filter>头文件\log</Filter>
    </ClInclude>
    <ClInclude Include="UrlListWindow.h">
      <Filter>头文件</Filter>
    </ClInclude>
    <ClInclude Include="PlayerUrlListModelManager.h">
      <Filter>头文件\modelManager</Filter>
    </ClInclude>
    <ClInclude Include="PlayerMenuSettingModel.h">
      <Filter>头文件\model</Filter>
    </ClInclude>
    <ClInclude Include="PlayerMenuSettingModelManager.h">
      <Filter>头文件\modelManager</Filter>
    </ClInclude>
    <ClInclude Include="CurrentDataModel.h">
      <Filter>头文件\model</Filter>
    </ClInclude>
    <ClInclude Include="CurrentDataModelManager.h">
      <Filter>头文件\modelManager</Filter>
    </ClInclude>
    <ClInclude Include="ToastWindow.h">
      <Filter>头文件</Filter>
    </ClInclude>
    <ClInclude Include="toast2.h">
      <Filter>头文件</Filter>
    </ClInclude>
  </ItemGroup>
  <ItemGroup>
    <ClCompile Include="qplayer2demo.cpp">
      <Filter>源文件</Filter>
    </ClCompile>
    <ClCompile Include="VideoRenderWindow.cpp">
      <Filter>源文件</Filter>
    </ClCompile>
    <ClCompile Include="MainWindow.cpp">
      <Filter>源文件</Filter>
    </ClCompile>
    <ClCompile Include="PlayerWindow.cpp">
      <Filter>源文件</Filter>
    </ClCompile>
    <ClCompile Include="DemoLog.cpp">
      <Filter>源文件\log</Filter>
    </ClCompile>
    <ClCompile Include="UrlListWindow.cpp">
      <Filter>源文件</Filter>
    </ClCompile>
    <ClCompile Include="PlayerUrlListModel.h">
      <Filter>头文件\model</Filter>
    </ClCompile>
    <ClCompile Include="PlayerUrlListModelManager.cpp">
      <Filter>源文件\modelManager</Filter>
    </ClCompile>
    <ClCompile Include="PlayerUrlListModel.cpp">
      <Filter>源文件\model</Filter>
    </ClCompile>
    <ClCompile Include="PlayerMenuSettingModel.cpp">
      <Filter>源文件\model</Filter>
    </ClCompile>
    <ClCompile Include="PlayerChildMenuModel.h">
      <Filter>头文件\model</Filter>
    </ClCompile>
    <ClCompile Include="PlayerChildMenuModel.cpp">
      <Filter>源文件\model</Filter>
    </ClCompile>
    <ClCompile Include="PlayerMenuSettingModelManager.cpp">
      <Filter>源文件\modelManager</Filter>
    </ClCompile>
    <ClCompile Include="CurrentDataModel.cpp">
      <Filter>源文件\model</Filter>
    </ClCompile>
    <ClCompile Include="CurrentDataModelManager.cpp">
      <Filter>源文件\modelManager</Filter>
    </ClCompile>
    <ClCompile Include="ToastWindow.cpp">
      <Filter>源文件</Filter>
    </ClCompile>
    <ClCompile Include="toast2.cpp">
      <Filter>源文件</Filter>
    </ClCompile>
  </ItemGroup>
  <ItemGroup>
    <ResourceCompile Include="qplayer2demo.rc">
      <Filter>资源文件</Filter>
    </ResourceCompile>
  </ItemGroup>
  <ItemGroup>
    <Image Include="small.ico">
      <Filter>资源文件</Filter>
    </Image>
    <Image Include="qplayer2demo.ico">
      <Filter>资源文件</Filter>
    </Image>
  </ItemGroup>
</Project>